
Microsoft Visual Studio Solution File, Format Version 12.00
# Visual Studio Version 17
VisualStudioVersion = 17.10.34916.146
MinimumVisualStudioVersion = 10.0.40219.1
Project("{888888A0-9F3D-457C-B088-3A5042F75D52}") = "l9 T1", "l9 T1\l9 T1.pyproj", "{6E00C316-9FC4-4F74-B1D1-82BD3452B8FE}"
EndProject
Global
	GlobalSection(SolutionConfigurationPlatforms) = preSolution
		Debug|Any CPU = Debug|Any CPU
		Release|Any CPU = Release|Any CPU
	EndGlobalSection
	GlobalSection(ProjectConfigurationPlatforms) = postSolution
		{6E00C316-9FC4-4F74-B1D1-82BD3452B8FE}.Debug|Any CPU.ActiveCfg = Debug|Any CPU
		{6E00C316-9FC4-4F74-B1D1-82BD3452B8FE}.Release|Any CPU.ActiveCfg = Release|Any CPU
	EndGlobalSection
	GlobalSection(SolutionProperties) = preSolution
		HideSolutionNode = FALSE
	EndGlobalSection
	GlobalSection(ExtensibilityGlobals) = postSolution
		SolutionGuid = {5E807195-1EE9-4872-8340-66687015BF12}
	EndGlobalSection
EndGlobal
